
Microsoft Visual Studio Solution File, Format Version 12.00
# Visual Studio 15
VisualStudioVersion = 15.0.28307.539
MinimumVisualStudioVersion = 10.0.40219.1
Project("{FAE04EC0-301F-11D3-BF4B-00C04F79EFBC}") = "showie.Android", "showie\showie.Android\showie.Android.csproj", "{A25633F7-0EF3-4058-9841-DECF3E08B68F}"
EndProject
Project("{FAE04EC0-301F-11D3-BF4B-00C04F79EFBC}") = "showie.iOS", "showie\showie.iOS\showie.iOS.csproj", "{9539A1B5-829A-4E31-806F-677250DB0AAD}"
EndProject
Project("{FAE04EC0-301F-11D3-BF4B-00C04F79EFBC}") = "showie", "showie\showie\showie.csproj", "{EEE07398-CE63-444B-8E88-6B98C98D2342}"
EndProject
Global
	GlobalSection(SolutionConfigurationPlatforms) = preSolution
		Ad-Hoc|Any CPU = Ad-Hoc|Any CPU
		Ad-Hoc|iPhone = Ad-Hoc|iPhone
		Ad-Hoc|iPhoneSimulator = Ad-Hoc|iPhoneSimulator
		AppStore|Any CPU = AppStore|Any CPU
		AppStore|iPhone = AppStore|iPhone
		AppStore|iPhoneSimulator = AppStore|iPhoneSimulator
		Debug|Any CPU = Debug|Any CPU
		Debug|iPhone = Debug|iPhone
		Debug|iPhoneSimulator = Debug|iPhoneSimulator
		Release|Any CPU = Release|Any CPU
		Release|iPhone = Release|iPhone
		Release|iPhoneSimulator = Release|iPhoneSimulator
	EndGlobalSection
	GlobalSection(ProjectConfigurationPlatforms) = postSolution
		{A25633F7-0EF3-4058-9841-DECF3E08B68F}.Ad-Hoc|Any CPU.ActiveCfg = Release|Any CPU
		{A25633F7-0EF3-4058-9841-DECF3E08B68F}.Ad-Hoc|Any CPU.Build.0 = Release|Any CPU
		{A25633F7-0EF3-4058-9841-DECF3E08B68F}.Ad-Hoc|Any CPU.Deploy.0 = Release|Any CPU
		{A25633F7-0EF3-4058-9841-DECF3E08B68F}.Ad-Hoc|iPhone.ActiveCfg = Release|Any CPU
		{A25633F7-0EF3-4058-9841-DECF3E08B68F}.Ad-Hoc|iPhone.Build.0 = Release|Any CPU
		{A25633F7-0EF3-4058-9841-DECF3E08B68F}.Ad-Hoc|iPhone.Deploy.0 = Release|Any CPU
		{A25633F7-0EF3-4058-9841-DECF3E08B68F}.Ad-Hoc|iPhoneSimulator.ActiveCfg = Release|Any CPU
		{A25633F7-0EF3-4058-9841-DECF3E08B68F}.Ad-Hoc|iPhoneSimulator.Build.0 = Release|Any CPU
		{A25633F7-0EF3-4058-9841-DECF3E08B68F}.Ad-Hoc|iPhoneSimulator.Deploy.0 = Release|Any CPU
		{A25633F7-0EF3-4058-9841-DECF3E08B68F}.AppStore|Any CPU.ActiveCfg = Release|Any CPU
		{A25633F7-0EF3-4058-9841-DECF3E08B68F}.AppStore|Any CPU.Build.0 = Release|Any CPU
		{A25633F7-0EF3-4058-9841-DECF3E08B68F}.AppStore|Any CPU.Deploy.0 = Release|Any CPU
		{A25633F7-0EF3-4058-9841-DECF3E08B68F}.AppStore|iPhone.ActiveCfg = Release|Any CPU
		{A25633F7-0EF3-4058-9841-DECF3E08B68F}.AppStore|iPhone.Build.0 = Release|Any CPU
		{A25633F7-0EF3-4058-9841-DECF3E08B68F}.AppStore|iPhone.Deploy.0 = Release|Any CPU
		{A25633F7-0EF3-4058-9841-DECF3E08B68F}.AppStore|iPhoneSimulator.ActiveCfg = Release|Any CPU
		{A25633F7-0EF3-4058-9841-DECF3E08B68F}.AppStore|iPhoneSimulator.Build.0 = Release|Any CPU
		{A25633F7-0EF3-4058-9841-DECF3E08B68F}.AppStore|iPhoneSimulator.Deploy.0 = Release|Any CPU
		{A25633F7-0EF3-4058-9841-DECF3E08B68F}.Debug|Any CPU.ActiveCfg = Debug|Any CPU
		{A25633F7-0EF3-4058-9841-DECF3E08B68F}.Debug|Any CPU.Build.0 = Debug|Any CPU
		{A25633F7-0EF3-4058-9841-DECF3E08B68F}.Debug|Any CPU.Deploy.0 = Debug|Any CPU
		{A25633F7-0EF3-4058-9841-DECF3E08B68F}.Debug|iPhone.ActiveCfg = Debug|Any CPU
		{A25633F7-0EF3-4058-9841-DECF3E08B68F}.Debug|iPhone.Build.0 = Debug|Any CPU
		{A25633F7-0EF3-4058-9841-DECF3E08B68F}.Debug|iPhone.Deploy.0 = Debug|Any CPU
		{A25633F7-0EF3-4058-9841-DECF3E08B68F}.Debug|iPhoneSimulator.ActiveCfg = Debug|Any CPU
		{A25633F7-0EF3-4058-9841-DECF3E08B68F}.Debug|iPhoneSimulator.Build.0 = Debug|Any CPU
		{A25633F7-0EF3-4058-9841-DECF3E08B68F}.Debug|iPhoneSimulator.Deploy.0 = Debug|Any CPU
		{A25633F7-0EF3-4058-9841-DECF3E08B68F}.Release|Any CPU.ActiveCfg = Release|Any CPU
		{A25633F7-0EF3-4058-9841-DECF3E08B68F}.Release|Any CPU.Build.0 = Release|Any CPU
		{A25633F7-0EF3-4058-9841-DECF3E08B68F}.Release|Any CPU.Deploy.0 = Release|Any CPU
		{A25633F7-0EF3-4058-9841-DECF3E08B68F}.Release|iPhone.ActiveCfg = Release|Any CPU
		{A25633F7-0EF3-4058-9841-DECF3E08B68F}.Release|iPhone.Build.0 = Release|Any CPU
		{A25633F7-0EF3-4058-9841-DECF3E08B68F}.Release|iPhone.Deploy.0 = Release|Any CPU
		{A25633F7-0EF3-4058-9841-DECF3E08B68F}.Release|iPhoneSimulator.ActiveCfg = Release|Any CPU
		{A25633F7-0EF3-4058-9841-DECF3E08B68F}.Release|iPhoneSimulator.Build.0 = Release|Any CPU
		{A25633F7-0EF3-4058-9841-DECF3E08B68F}.Release|iPhoneSimulator.Deploy.0 = Release|Any CPU
		{9539A1B5-829A-4E31-806F-677250DB0AAD}.Ad-Hoc|Any CPU.ActiveCfg = Ad-Hoc|iPhone
		{9539A1B5-829A-4E31-806F-677250DB0AAD}.Ad-Hoc|Any CPU.Build.0 = Ad-Hoc|iPhone
		{9539A1B5-829A-4E31-806F-677250DB0AAD}.Ad-Hoc|Any CPU.Deploy.0 = Ad-Hoc|iPhone
		{9539A1B5-829A-4E31-806F-677250DB0AAD}.Ad-Hoc|iPhone.ActiveCfg = Ad-Hoc|iPhone
		{9539A1B5-829A-4E31-806F-677250DB0AAD}.Ad-Hoc|iPhone.Build.0 = Ad-Hoc|iPhone
		{9539A1B5-829A-4E31-806F-677250DB0AAD}.Ad-Hoc|iPhone.Deploy.0 = Ad-Hoc|iPhone
		{9539A1B5-829A-4E31-806F-677250DB0AAD}.Ad-Hoc|iPhoneSimulator.ActiveCfg = Ad-Hoc|iPhoneSimulator
		{9539A1B5-829A-4E31-806F-677250DB0AAD}.Ad-Hoc|iPhoneSimulator.Build.0 = Ad-Hoc|iPhoneSimulator
		{9539A1B5-829A-4E31-806F-677250DB0AAD}.Ad-Hoc|iPhoneSimulator.Deploy.0 = Ad-Hoc|iPhoneSimulator
		{9539A1B5-829A-4E31-806F-677250DB0AAD}.AppStore|Any CPU.ActiveCfg = AppStore|iPhone
		{9539A1B5-829A-4E31-806F-677250DB0AAD}.AppStore|Any CPU.Build.0 = AppStore|iPhone
		{9539A1B5-829A-4E31-806F-677250DB0AAD}.AppStore|Any CPU.Deploy.0 = AppStore|iPhone
		{9539A1B5-829A-4E31-806F-677250DB0AAD}.AppStore|iPhone.ActiveCfg = AppStore|iPhone
		{9539A1B5-829A-4E31-806F-677250DB0AAD}.AppStore|iPhone.Build.0 = AppStore|iPhone
		{9539A1B5-829A-4E31-806F-677250DB0AAD}.AppStore|iPhone.Deploy.0 = AppStore|iPhone
		{9539A1B5-829A-4E31-806F-677250DB0AAD}.AppStore|iPhoneSimulator.ActiveCfg = AppStore|iPhoneSimulator
		{9539A1B5-829A-4E31-806F-677250DB0AAD}.AppStore|iPhoneSimulator.Build.0 = AppStore|iPhoneSimulator
		{9539A1B5-829A-4E31-806F-677250DB0AAD}.AppStore|iPhoneSimulator.Deploy.0 = AppStore|iPhoneSimulator
		{9539A1B5-829A-4E31-806F-677250DB0AAD}.Debug|Any CPU.ActiveCfg = Debug|iPhoneSimulator
		{9539A1B5-829A-4E31-806F-677250DB0AAD}.Debug|Any CPU.Build.0 = Debug|iPhoneSimulator
		{9539A1B5-829A-4E31-806F-677250DB0AAD}.Debug|Any CPU.Deploy.0 = Debug|iPhoneSimulator
		{9539A1B5-829A-4E31-806F-677250DB0AAD}.Debug|iPhone.ActiveCfg = Debug|iPhone
		{9539A1B5-829A-4E31-806F-677250DB0AAD}.Debug|iPhone.Build.0 = Debug|iPhone
		{9539A1B5-829A-4E31-806F-677250DB0AAD}.Debug|iPhone.Deploy.0 = Debug|iPhone
		{9539A1B5-829A-4E31-806F-677250DB0AAD}.Debug|iPhoneSimulator.ActiveCfg = Debug|iPhoneSimulator
		{9539A1B5-829A-4E31-806F-677250DB0AAD}.Debug|iPhoneSimulator.Build.0 = Debug|iPhoneSimulator
		{9539A1B5-829A-4E31-806F-677250DB0AAD}.Debug|iPhoneSimulator.Deploy.0 = Debug|iPhoneSimulator
		{9539A1B5-829A-4E31-806F-677250DB0AAD}.Release|Any CPU.ActiveCfg = Release|iPhone
		{9539A1B5-829A-4E31-806F-677250DB0AAD}.Release|Any CPU.Build.0 = Release|iPhone
		{9539A1B5-829A-4E31-806F-677250DB0AAD}.Release|Any CPU.Deploy.0 = Release|iPhone
		{9539A1B5-829A-4E31-806F-677250DB0AAD}.Release|iPhone.ActiveCfg = Release|iPhone
		{9539A1B5-829A-4E31-806F-677250DB0AAD}.Release|iPhone.Build.0 = Release|iPhone
		{9539A1B5-829A-4E31-806F-677250DB0AAD}.Release|iPhone.Deploy.0 = Release|iPhone
		{9539A1B5-829A-4E31-806F-677250DB0AAD}.Release|iPhoneSimulator.ActiveCfg = Release|iPhoneSimulator
		{9539A1B5-829A-4E31-806F-677250DB0AAD}.Release|iPhoneSimulator.Build.0 = Release|iPhoneSimulator
		{9539A1B5-829A-4E31-806F-677250DB0AAD}.Release|iPhoneSimulator.Deploy.0 = Release|iPhoneSimulator
		{EEE07398-CE63-444B-8E88-6B98C98D2342}.Ad-Hoc|Any CPU.ActiveCfg = Debug|Any CPU
		{EEE07398-CE63-444B-8E88-6B98C98D2342}.Ad-Hoc|Any CPU.Build.0 = Debug|Any CPU
		{EEE07398-CE63-444B-8E88-6B98C98D2342}.Ad-Hoc|Any CPU.Deploy.0 = Debug|Any CPU
		{EEE07398-CE63-444B-8E88-6B98C98D2342}.Ad-Hoc|iPhone.ActiveCfg = Debug|Any CPU
		{EEE07398-CE63-444B-8E88-6B98C98D2342}.Ad-Hoc|iPhone.Build.0 = Debug|Any CPU
		{EEE07398-CE63-444B-8E88-6B98C98D2342}.Ad-Hoc|iPhone.Deploy.0 = Debug|Any CPU
		{EEE07398-CE63-444B-8E88-6B98C98D2342}.Ad-Hoc|iPhoneSimulator.ActiveCfg = Debug|Any CPU
		{EEE07398-CE63-444B-8E88-6B98C98D2342}.Ad-Hoc|iPhoneSimulator.Build.0 = Debug|Any CPU
		{EEE07398-CE63-444B-8E88-6B98C98D2342}.Ad-Hoc|iPhoneSimulator.Deploy.0 = Debug|Any CPU
		{EEE07398-CE63-444B-8E88-6B98C98D2342}.AppStore|Any CPU.ActiveCfg = Debug|Any CPU
		{EEE07398-CE63-444B-8E88-6B98C98D2342}.AppStore|Any CPU.Build.0 = Debug|Any CPU
		{EEE07398-CE63-444B-8E88-6B98C98D2342}.AppStore|Any CPU.Deploy.0 = Debug|Any CPU
		{EEE07398-CE63-444B-8E88-6B98C98D2342}.AppStore|iPhone.ActiveCfg = Debug|Any CPU
		{EEE07398-CE63-444B-8E88-6B98C98D2342}.AppStore|iPhone.Build.0 = Debug|Any CPU
		{EEE07398-CE63-444B-8E88-6B98C98D2342}.AppStore|iPhone.Deploy.0 = Debug|Any CPU
		{EEE07398-CE63-444B-8E88-6B98C98D2342}.AppStore|iPhoneSimulator.ActiveCfg = Debug|Any CPU
		{EEE07398-CE63-444B-8E88-6B98C98D2342}.AppStore|iPhoneSimulator.Build.0 = Debug|Any CPU
		{EEE07398-CE63-444B-8E88-6B98C98D2342}.AppStore|iPhoneSimulator.Deploy.0 = Debug|Any CPU
		{EEE07398-CE63-444B-8E88-6B98C98D2342}.Debug|Any CPU.ActiveCfg = Debug|Any CPU
		{EEE07398-CE63-444B-8E88-6B98C98D2342}.Debug|Any CPU.Build.0 = Debug|Any CPU
		{EEE07398-CE63-444B-8E88-6B98C98D2342}.Debug|Any CPU.Deploy.0 = Debug|Any CPU
		{EEE07398-CE63-444B-8E88-6B98C98D2342}.Debug|iPhone.ActiveCfg = Debug|Any CPU
		{EEE07398-CE63-444B-8E88-6B98C98D2342}.Debug|iPhone.Build.0 = Debug|Any CPU
		{EEE07398-CE63-444B-8E88-6B98C98D2342}.Debug|iPhone.Deploy.0 = Debug|Any CPU
		{EEE07398-CE63-444B-8E88-6B98C98D2342}.Debug|iPhoneSimulator.ActiveCfg = Debug|Any CPU
		{EEE07398-CE63-444B-8E88-6B98C98D2342}.Debug|iPhoneSimulator.Build.0 = Debug|Any CPU
		{EEE07398-CE63-444B-8E88-6B98C98D2342}.Debug|iPhoneSimulator.Deploy.0 = Debug|Any CPU
		{EEE07398-CE63-444B-8E88-6B98C98D2342}.Release|Any CPU.ActiveCfg = Release|Any CPU
		{EEE07398-CE63-444B-8E88-6B98C98D2342}.Release|Any CPU.Build.0 = Release|Any CPU
		{EEE07398-CE63-444B-8E88-6B98C98D2342}.Release|Any CPU.Deploy.0 = Release|Any CPU
		{EEE07398-CE63-444B-8E88-6B98C98D2342}.Release|iPhone.ActiveCfg = Release|Any CPU
		{EEE07398-CE63-444B-8E88-6B98C98D2342}.Release|iPhone.Build.0 = Release|Any CPU
		{EEE07398-CE63-444B-8E88-6B98C98D2342}.Release|iPhone.Deploy.0 = Release|Any CPU
		{EEE07398-CE63-444B-8E88-6B98C98D2342}.Release|iPhoneSimulator.ActiveCfg = Release|Any CPU
		{EEE07398-CE63-444B-8E88-6B98C98D2342}.Release|iPhoneSimulator.Build.0 = Release|Any CPU
		{EEE07398-CE63-444B-8E88-6B98C98D2342}.Release|iPhoneSimulator.Deploy.0 = Release|Any CPU
	EndGlobalSection
	GlobalSection(SolutionProperties) = preSolution
		HideSolutionNode = FALSE
	EndGlobalSection
	GlobalSection(ExtensibilityGlobals) = postSolution
		SolutionGuid = {A4902EDE-E857-4CD9-B5B4-A4503E68123C}
	EndGlobalSection
EndGlobal
